
Microsoft Visual Studio Solution File, Format Version 12.00
# Visual Studio 15
VisualStudioVersion = 15.0.27130.2024
MinimumVisualStudioVersion = 10.0.40219.1
Project("{FAE04EC0-301F-11D3-BF4B-00C04F79EFBC}") = "AndroidAppXamarinUITest", "AndroidAppXamarinUITest\AndroidAppXamarinUITest.csproj", "{B177058B-21E5-4A09-9EDB-4237D43FD810}"
EndProject
Project("{FAE04EC0-301F-11D3-BF4B-00C04F79EFBC}") = "AndroidXamarinUITest", "AndroidXamarinUITest\AndroidXamarinUITest.csproj", "{67B4A3F5-519E-4636-895A-255930B3A783}"
EndProject
Global
	GlobalSection(SolutionConfigurationPlatforms) = preSolution
		Debug|Any CPU = Debug|Any CPU
		Release|Any CPU = Release|Any CPU
	EndGlobalSection
	GlobalSection(ProjectConfigurationPlatforms) = postSolution
		{B177058B-21E5-4A09-9EDB-4237D43FD810}.Debug|Any CPU.ActiveCfg = Debug|Any CPU
		{B177058B-21E5-4A09-9EDB-4237D43FD810}.Debug|Any CPU.Build.0 = Debug|Any CPU
		{B177058B-21E5-4A09-9EDB-4237D43FD810}.Debug|Any CPU.Deploy.0 = Debug|Any CPU
		{B177058B-21E5-4A09-9EDB-4237D43FD810}.Release|Any CPU.ActiveCfg = Release|Any CPU
		{B177058B-21E5-4A09-9EDB-4237D43FD810}.Release|Any CPU.Build.0 = Release|Any CPU
		{B177058B-21E5-4A09-9EDB-4237D43FD810}.Release|Any CPU.Deploy.0 = Release|Any CPU
		{67B4A3F5-519E-4636-895A-255930B3A783}.Debug|Any CPU.ActiveCfg = Debug|Any CPU
		{67B4A3F5-519E-4636-895A-255930B3A783}.Debug|Any CPU.Build.0 = Debug|Any CPU
		{67B4A3F5-519E-4636-895A-255930B3A783}.Release|Any CPU.ActiveCfg = Release|Any CPU
		{67B4A3F5-519E-4636-895A-255930B3A783}.Release|Any CPU.Build.0 = Release|Any CPU
	EndGlobalSection
	GlobalSection(SolutionProperties) = preSolution
		HideSolutionNode = FALSE
	EndGlobalSection
	GlobalSection(ExtensibilityGlobals) = postSolution
		SolutionGuid = {2CABD9CC-74E3-486A-883E-0837B29EC7F6}
	EndGlobalSection
EndGlobal
